
Microsoft Visual Studio Solution File, Format Version 12.00
# Visual Studio Version 17
VisualStudioVersion = 17.3.32922.545
MinimumVisualStudioVersion = 10.0.40219.1
Project("{FAE04EC0-301F-11D3-BF4B-00C04F79EFBC}") = "InventorySystem_API", "InventorySystem_API\InventorySystem_API.csproj", "{63C52779-4E3A-484F-92C7-5C39D0ED3C59}"
EndProject
Global
	GlobalSection(SolutionConfigurationPlatforms) = preSolution
		Debug|Any CPU = Debug|Any CPU
		Release|Any CPU = Release|Any CPU
	EndGlobalSection
	GlobalSection(ProjectConfigurationPlatforms) = postSolution
		{63C52779-4E3A-484F-92C7-5C39D0ED3C59}.Debug|Any CPU.ActiveCfg = Debug|Any CPU
		{63C52779-4E3A-484F-92C7-5C39D0ED3C59}.Debug|Any CPU.Build.0 = Debug|Any CPU
		{63C52779-4E3A-484F-92C7-5C39D0ED3C59}.Release|Any CPU.ActiveCfg = Release|Any CPU
		{63C52779-4E3A-484F-92C7-5C39D0ED3C59}.Release|Any CPU.Build.0 = Release|Any CPU
	EndGlobalSection
	GlobalSection(SolutionProperties) = preSolution
		HideSolutionNode = FALSE
	EndGlobalSection
	GlobalSection(ExtensibilityGlobals) = postSolution
		SolutionGuid = {5171803A-5FBD-477A-A5A0-C7BB2C2E8399}
	EndGlobalSection
EndGlobal
